
Microsoft Visual Studio Solution File, Format Version 12.00
# Visual Studio Version 17
VisualStudioVersion = 17.6.33723.286
MinimumVisualStudioVersion = 10.0.40219.1
Project("{FAE04EC0-301F-11D3-BF4B-00C04F79EFBC}") = "Video1", "Video1\Video1.csproj", "{D5BB9C82-5841-436A-8D03-1FA274A5748D}"
EndProject
Global
	GlobalSection(SolutionConfigurationPlatforms) = preSolution
		Debug|Any CPU = Debug|Any CPU
		Release|Any CPU = Release|Any CPU
	EndGlobalSection
	GlobalSection(ProjectConfigurationPlatforms) = postSolution
		{D5BB9C82-5841-436A-8D03-1FA274A5748D}.Debug|Any CPU.ActiveCfg = Debug|Any CPU
		{D5BB9C82-5841-436A-8D03-1FA274A5748D}.Debug|Any CPU.Build.0 = Debug|Any CPU
		{D5BB9C82-5841-436A-8D03-1FA274A5748D}.Release|Any CPU.ActiveCfg = Release|Any CPU
		{D5BB9C82-5841-436A-8D03-1FA274A5748D}.Release|Any CPU.Build.0 = Release|Any CPU
	EndGlobalSection
	GlobalSection(SolutionProperties) = preSolution
		HideSolutionNode = FALSE
	EndGlobalSection
	GlobalSection(ExtensibilityGlobals) = postSolution
		SolutionGuid = {2C4B918E-434C-44F9-AB79-5F58EB0C0D9C}
	EndGlobalSection
EndGlobal
