
Microsoft Visual Studio Solution File, Format Version 12.00
# Visual Studio Version 16
VisualStudioVersion = 16.0.30128.74
MinimumVisualStudioVersion = 10.0.40219.1
Project("{FAE04EC0-301F-11D3-BF4B-00C04F79EFBC}") = "Variables", "Variables\Variables.csproj", "{950F6F8F-A113-4AE5-9806-4C4433DF0085}"
EndProject
Global
	GlobalSection(SolutionConfigurationPlatforms) = preSolution
		Debug|Any CPU = Debug|Any CPU
		Release|Any CPU = Release|Any CPU
	EndGlobalSection
	GlobalSection(ProjectConfigurationPlatforms) = postSolution
		{950F6F8F-A113-4AE5-9806-4C4433DF0085}.Debug|Any CPU.ActiveCfg = Debug|Any CPU
		{950F6F8F-A113-4AE5-9806-4C4433DF0085}.Debug|Any CPU.Build.0 = Debug|Any CPU
		{950F6F8F-A113-4AE5-9806-4C4433DF0085}.Release|Any CPU.ActiveCfg = Release|Any CPU
		{950F6F8F-A113-4AE5-9806-4C4433DF0085}.Release|Any CPU.Build.0 = Release|Any CPU
	EndGlobalSection
	GlobalSection(SolutionProperties) = preSolution
		HideSolutionNode = FALSE
	EndGlobalSection
	GlobalSection(ExtensibilityGlobals) = postSolution
		SolutionGuid = {9248BB1A-FC53-4872-B18A-BC93011EF18C}
	EndGlobalSection
EndGlobal
